<?xml version="1.0" encoding="utf-8"?>
<Project ToolsVersion="4.0" xmlns="http://schemas.microsoft.com/developer/msbuild/2003">
  <ItemGroup>
    <ClCompile Include="..\src\qt\paymentrequest.pb.cc">
      <Filter>proto</Filter>
    </ClCompile>
    <ClCompile Include="..\src\compat\glibcxx_sanity.cpp">
      <Filter>Common\compat</Filter>
    </ClCompile>
    <ClCompile Include="..\src\compat\glibc_sanity.cpp">
      <Filter>Common\compat</Filter>
    </ClCompile>
    <ClCompile Include="..\src\compat\strnlen.cpp">
      <Filter>Common\compat</Filter>
    </ClCompile>
    <ClCompile Include="..\src\consensus\merkle.cpp">
      <Filter>Common\consensus</Filter>
    </ClCompile>
    <ClCompile Include="..\src\crypto\hmac_sha256.cpp">
      <Filter>Common\crypto</Filter>
    </ClCompile>
    <ClCompile Include="..\src\crypto\hmac_sha512.cpp">
      <Filter>Common\crypto</Filter>
    </ClCompile>
    <ClCompile Include="..\src\crypto\ripemd160.cpp">
      <Filter>Common\crypto</Filter>
    </ClCompile>
    <ClCompile Include="..\src\crypto\sha1.cpp">
      <Filter>Common\crypto</Filter>
    </ClCompile>
    <ClCompile Include="..\src\crypto\sha256.cpp">
      <Filter>Common\crypto</Filter>
    </ClCompile>
    <ClCompile Include="..\src\crypto\sha512.cpp">
      <Filter>Common\crypto</Filter>
    </ClCompile>
    <ClCompile Include="..\src\leveldb\db\builder.cc">
      <Filter>Common\leveldb\db</Filter>
    </ClCompile>
    <ClCompile Include="..\src\leveldb\db\dbformat.cc">
      <Filter>Common\leveldb\db</Filter>
    </ClCompile>
    <ClCompile Include="..\src\leveldb\db\db_impl.cc">
      <Filter>Common\leveldb\db</Filter>
    </ClCompile>
    <ClCompile Include="..\src\leveldb\db\dumpfile.cc">
      <Filter>Common\leveldb\db</Filter>
    </ClCompile>
    <ClCompile Include="..\src\leveldb\db\filename.cc">
      <Filter>Common\leveldb\db</Filter>
    </ClCompile>
    <ClCompile Include="..\src\leveldb\db\log_reader.cc">
      <Filter>Common\leveldb\db</Filter>
    </ClCompile>
    <ClCompile Include="..\src\leveldb\db\log_writer.cc">
      <Filter>Common\leveldb\db</Filter>
    </ClCompile>
    <ClCompile Include="..\src\leveldb\db\memtable.cc">
      <Filter>Common\leveldb\db</Filter>
    </ClCompile>
    <ClCompile Include="..\src\leveldb\db\repair.cc">
      <Filter>Common\leveldb\db</Filter>
    </ClCompile>
    <ClCompile Include="..\src\leveldb\db\table_cache.cc">
      <Filter>Common\leveldb\db</Filter>
    </ClCompile>
    <ClCompile Include="..\src\leveldb\db\version_edit.cc">
      <Filter>Common\leveldb\db</Filter>
    </ClCompile>
    <ClCompile Include="..\src\leveldb\db\version_set.cc">
      <Filter>Common\leveldb\db</Filter>
    </ClCompile>
    <ClCompile Include="..\src\leveldb\db\write_batch.cc">
      <Filter>Common\leveldb\db</Filter>
    </ClCompile>
    <ClCompile Include="..\src\leveldb\helpers\memenv\memenv.cc">
      <Filter>Common\leveldb\helpers\memenv</Filter>
    </ClCompile>
    <ClCompile Include="..\src\leveldb\port\port_win.cc">
      <Filter>Common\leveldb\port</Filter>
    </ClCompile>
    <ClCompile Include="..\src\leveldb\table\block_builder.cc">
      <Filter>Common\leveldb\table</Filter>
    </ClCompile>
    <ClCompile Include="..\src\leveldb\table\filter_block.cc">
      <Filter>Common\leveldb\table</Filter>
    </ClCompile>
    <ClCompile Include="..\src\leveldb\table\format.cc">
      <Filter>Common\leveldb\table</Filter>
    </ClCompile>
    <ClCompile Include="..\src\leveldb\table\iterator.cc">
      <Filter>Common\leveldb\table</Filter>
    </ClCompile>
    <ClCompile Include="..\src\leveldb\table\merger.cc">
      <Filter>Common\leveldb\table</Filter>
    </ClCompile>
    <ClCompile Include="..\src\leveldb\table\table.cc">
      <Filter>Common\leveldb\table</Filter>
    </ClCompile>
    <ClCompile Include="..\src\leveldb\table\table_builder.cc">
      <Filter>Common\leveldb\table</Filter>
    </ClCompile>
    <ClCompile Include="..\src\leveldb\table\two_level_iterator.cc">
      <Filter>Common\leveldb\table</Filter>
    </ClCompile>
    <ClCompile Include="..\src\leveldb\table\block.cc">
      <Filter>Common\leveldb\table</Filter>
    </ClCompile>
    <ClCompile Include="..\src\leveldb\util\arena.cc">
      <Filter>Common\leveldb\util</Filter>
    </ClCompile>
    <ClCompile Include="..\src\leveldb\util\cache.cc">
      <Filter>Common\leveldb\util</Filter>
    </ClCompile>
    <ClCompile Include="..\src\leveldb\util\coding.cc">
      <Filter>Common\leveldb\util</Filter>
    </ClCompile>
    <ClCompile Include="..\src\leveldb\util\comparator.cc">
      <Filter>Common\leveldb\util</Filter>
    </ClCompile>
    <ClCompile Include="..\src\leveldb\util\crc32c.cc">
      <Filter>Common\leveldb\util</Filter>
    </ClCompile>
    <ClCompile Include="..\src\leveldb\util\env.cc">
      <Filter>Common\leveldb\util</Filter>
    </ClCompile>
    <ClCompile Include="..\src\leveldb\util\env_win.cc">
      <Filter>Common\leveldb\util</Filter>
    </ClCompile>
    <ClCompile Include="..\src\leveldb\util\filter_policy.cc">
      <Filter>Common\leveldb\util</Filter>
    </ClCompile>
    <ClCompile Include="..\src\leveldb\util\histogram.cc">
      <Filter>Common\leveldb\util</Filter>
    </ClCompile>
    <ClCompile Include="..\src\leveldb\util\logging.cc">
      <Filter>Common\leveldb\util</Filter>
    </ClCompile>
    <ClCompile Include="..\src\leveldb\util\options.cc">
      <Filter>Common\leveldb\util</Filter>
    </ClCompile>
    <ClCompile Include="..\src\leveldb\util\status.cc">
      <Filter>Common\leveldb\util</Filter>
    </ClCompile>
    <ClCompile Include="..\src\leveldb\util\testharness.cc">
      <Filter>Common\leveldb\util</Filter>
    </ClCompile>
    <ClCompile Include="..\src\leveldb\util\testutil.cc">
      <Filter>Common\leveldb\util</Filter>
    </ClCompile>
    <ClCompile Include="..\src\leveldb\util\bloom.cc">
      <Filter>Common\leveldb\util</Filter>
    </ClCompile>
    <ClCompile Include="..\src\leveldb\util\hash.cc">
      <Filter>Common\leveldb\util</Filter>
    </ClCompile>
    <ClCompile Include="..\src\policy\fees.cpp">
      <Filter>Common\policy</Filter>
    </ClCompile>
    <ClCompile Include="..\src\policy\policy.cpp">
      <Filter>Common\policy</Filter>
    </ClCompile>
    <ClCompile Include="..\src\policy\rbf.cpp">
      <Filter>Common\policy</Filter>
    </ClCompile>
    <ClCompile Include="..\src\primitives\block.cpp">
      <Filter>Common\primitives</Filter>
    </ClCompile>
    <ClCompile Include="..\src\primitives\transaction.cpp">
      <Filter>Common\primitives</Filter>
    </ClCompile>
    <ClCompile Include="..\src\rpc\blockchain.cpp">
      <Filter>Common\rpc</Filter>
    </ClCompile>
    <ClCompile Include="..\src\rpc\client.cpp">
      <Filter>Common\rpc</Filter>
    </ClCompile>
    <ClCompile Include="..\src\rpc\mining.cpp">
      <Filter>Common\rpc</Filter>
    </ClCompile>
    <ClCompile Include="..\src\rpc\misc.cpp">
      <Filter>Common\rpc</Filter>
    </ClCompile>
    <ClCompile Include="..\src\rpc\rawtransaction.cpp">
      <Filter>Common\rpc</Filter>
    </ClCompile>
    <ClCompile Include="..\src\rpc\server.cpp">
      <Filter>Common\rpc</Filter>
    </ClCompile>
    <ClCompile Include="..\src\rpc\net.cpp">
      <Filter>Common\rpc</Filter>
    </ClCompile>
    <ClCompile Include="..\src\rpc\protocol.cpp">
      <Filter>Common\rpc</Filter>
    </ClCompile>
    <ClCompile Include="..\src\script\bitcoinconsensus.cpp">
      <Filter>Common\script</Filter>
    </ClCompile>
    <ClCompile Include="..\src\script\interpreter.cpp">
      <Filter>Common\script</Filter>
    </ClCompile>
    <ClCompile Include="..\src\script\ismine.cpp">
      <Filter>Common\script</Filter>
    </ClCompile>
    <ClCompile Include="..\src\script\script.cpp">
      <Filter>Common\script</Filter>
    </ClCompile>
    <ClCompile Include="..\src\script\script_error.cpp">
      <Filter>Common\script</Filter>
    </ClCompile>
    <ClCompile Include="..\src\script\sigcache.cpp">
      <Filter>Common\script</Filter>
    </ClCompile>
    <ClCompile Include="..\src\script\sign.cpp">
      <Filter>Common\script</Filter>
    </ClCompile>
    <ClCompile Include="..\src\script\standard.cpp">
      <Filter>Common\script</Filter>
    </ClCompile>
    <ClCompile Include="..\src\secp256k1\contrib\lax_der_parsing.c">
      <Filter>Common\secp256k1\contrib</Filter>
    </ClCompile>
    <ClCompile Include="..\src\secp256k1\contrib\lax_der_privatekey_parsing.c">
      <Filter>Common\secp256k1\contrib</Filter>
    </ClCompile>
    <ClCompile Include="..\src\secp256k1\src\secp256k1.c">
      <Filter>Common\secp256k1\src</Filter>
    </ClCompile>
    <ClCompile Include="..\src\support\cleanse.cpp">
      <Filter>Common\support</Filter>
    </ClCompile>
    <ClCompile Include="..\src\support\lockedpool.cpp">
      <Filter>Common\support</Filter>
    </ClCompile>
    <ClCompile Include="..\src\univalue\lib\univalue.cpp">
      <Filter>Common\univalue\lib</Filter>
    </ClCompile>
    <ClCompile Include="..\src\univalue\lib\univalue_read.cpp">
      <Filter>Common\univalue\lib</Filter>
    </ClCompile>
    <ClCompile Include="..\src\univalue\lib\univalue_write.cpp">
      <Filter>Common\univalue\lib</Filter>
    </ClCompile>
    <ClCompile Include="..\src\wallet\db.cpp">
      <Filter>Common\wallet</Filter>
    </ClCompile>
    <ClCompile Include="..\src\wallet\rpcdump.cpp">
      <Filter>Common\wallet</Filter>
    </ClCompile>
    <ClCompile Include="..\src\wallet\wallet.cpp">
      <Filter>Common\wallet</Filter>
    </ClCompile>
    <ClCompile Include="..\src\wallet\walletdb.cpp">
      <Filter>Common\wallet</Filter>
    </ClCompile>
    <ClCompile Include="..\src\addrdb.cpp">
      <Filter>Common\src</Filter>
    </ClCompile>
    <ClCompile Include="..\src\addrman.cpp">
      <Filter>Common\src</Filter>
    </ClCompile>
    <ClCompile Include="..\src\amount.cpp">
      <Filter>Common\src</Filter>
    </ClCompile>
    <ClCompile Include="..\src\arith_uint256.cpp">
      <Filter>Common\src</Filter>
    </ClCompile>
    <ClCompile Include="..\src\base58.cpp">
      <Filter>Common\src</Filter>
    </ClCompile>
    <ClCompile Include="..\src\blockencodings.cpp">
      <Filter>Common\src</Filter>
    </ClCompile>
    <ClCompile Include="..\src\bloom.cpp">
      <Filter>Common\src</Filter>
    </ClCompile>
    <ClCompile Include="..\src\chain.cpp">
      <Filter>Common\src</Filter>
    </ClCompile>
    <ClCompile Include="..\src\chainparams.cpp">
      <Filter>Common\src</Filter>
    </ClCompile>
    <ClCompile Include="..\src\chainparamsbase.cpp">
      <Filter>Common\src</Filter>
    </ClCompile>
    <ClCompile Include="..\src\checkpoints.cpp">
      <Filter>Common\src</Filter>
    </ClCompile>
    <ClCompile Include="..\src\clientversion.cpp">
      <Filter>Common\src</Filter>
    </ClCompile>
    <ClCompile Include="..\src\coins.cpp">
      <Filter>Common\src</Filter>
    </ClCompile>
    <ClCompile Include="..\src\compressor.cpp">
      <Filter>Common\src</Filter>
    </ClCompile>
    <ClCompile Include="..\src\core_read.cpp">
      <Filter>Common\src</Filter>
    </ClCompile>
    <ClCompile Include="..\src\core_write.cpp">
      <Filter>Common\src</Filter>
    </ClCompile>
    <ClCompile Include="..\src\dbwrapper.cpp">
      <Filter>Common\src</Filter>
    </ClCompile>
    <ClCompile Include="..\src\hash.cpp">
      <Filter>Common\src</Filter>
    </ClCompile>
    <ClCompile Include="..\src\httprpc.cpp">
      <Filter>Common\src</Filter>
    </ClCompile>
    <ClCompile Include="..\src\httpserver.cpp">
      <Filter>Common\src</Filter>
    </ClCompile>
    <ClCompile Include="..\src\init.cpp">
      <Filter>Common\src</Filter>
    </ClCompile>
    <ClCompile Include="..\src\key.cpp">
      <Filter>Common\src</Filter>
    </ClCompile>
    <ClCompile Include="..\src\keystore.cpp">
      <Filter>Common\src</Filter>
    </ClCompile>
    <ClCompile Include="..\src\merkleblock.cpp">
      <Filter>Common\src</Filter>
    </ClCompile>
    <ClCompile Include="..\src\miner.cpp">
      <Filter>Common\src</Filter>
    </ClCompile>
    <ClCompile Include="..\src\net.cpp">
      <Filter>Common\src</Filter>
    </ClCompile>
    <ClCompile Include="..\src\net_processing.cpp">
      <Filter>Common\src</Filter>
    </ClCompile>
    <ClCompile Include="..\src\netaddress.cpp">
      <Filter>Common\src</Filter>
    </ClCompile>
    <ClCompile Include="..\src\noui.cpp">
      <Filter>Common\src</Filter>
    </ClCompile>
    <ClCompile Include="..\src\pow.cpp">
      <Filter>Common\src</Filter>
    </ClCompile>
    <ClCompile Include="..\src\protocol.cpp">
      <Filter>Common\src</Filter>
    </ClCompile>
    <ClCompile Include="..\src\pubkey.cpp">
      <Filter>Common\src</Filter>
    </ClCompile>
    <ClCompile Include="..\src\random.cpp">
      <Filter>Common\src</Filter>
    </ClCompile>
    <ClCompile Include="..\src\rest.cpp">
      <Filter>Common\src</Filter>
    </ClCompile>
    <ClCompile Include="..\src\scheduler.cpp">
      <Filter>Common\src</Filter>
    </ClCompile>
    <ClCompile Include="..\src\sync.cpp">
      <Filter>Common\src</Filter>
    </ClCompile>
    <ClCompile Include="..\src\threadinterrupt.cpp">
      <Filter>Common\src</Filter>
    </ClCompile>
    <ClCompile Include="..\src\timedata.cpp">
      <Filter>Common\src</Filter>
    </ClCompile>
    <ClCompile Include="..\src\torcontrol.cpp">
      <Filter>Common\src</Filter>
    </ClCompile>
    <ClCompile Include="..\src\txdb.cpp">
      <Filter>Common\src</Filter>
    </ClCompile>
    <ClCompile Include="..\src\txmempool.cpp">
      <Filter>Common\src</Filter>
    </ClCompile>
    <ClCompile Include="..\src\ui_interface.cpp">
      <Filter>Common\src</Filter>
    </ClCompile>
    <ClCompile Include="..\src\uint256.cpp">
      <Filter>Common\src</Filter>
    </ClCompile>
    <ClCompile Include="..\src\util.cpp">
      <Filter>Common\src</Filter>
    </ClCompile>
    <ClCompile Include="..\src\utilmoneystr.cpp">
      <Filter>Common\src</Filter>
    </ClCompile>
    <ClCompile Include="..\src\utilstrencodings.cpp">
      <Filter>Common\src</Filter>
    </ClCompile>
    <ClCompile Include="..\src\utiltime.cpp">
      <Filter>Common\src</Filter>
    </ClCompile>
    <ClCompile Include="..\src\validation.cpp">
      <Filter>Common\src</Filter>
    </ClCompile>
    <ClCompile Include="..\src\validationinterface.cpp">
      <Filter>Common\src</Filter>
    </ClCompile>
    <ClCompile Include="..\src\versionbits.cpp">
      <Filter>Common\src</Filter>
    </ClCompile>
    <ClCompile Include="..\src\vote.cpp">
      <Filter>Common\src</Filter>
    </ClCompile>
    <ClCompile Include="..\src\warnings.cpp">
      <Filter>Common\src</Filter>
    </ClCompile>
    <ClCompile Include="..\src\qt\addressbookpage.cpp">
      <Filter>Common\qt</Filter>
    </ClCompile>
    <ClCompile Include="..\src\qt\addresstablemodel.cpp">
      <Filter>Common\qt</Filter>
    </ClCompile>
    <ClCompile Include="..\src\qt\askpassphrasedialog.cpp">
      <Filter>Common\qt</Filter>
    </ClCompile>
    <ClCompile Include="..\src\qt\bantablemodel.cpp">
      <Filter>Common\qt</Filter>
    </ClCompile>
    <ClCompile Include="..\src\qt\bitcoinaddressvalidator.cpp">
      <Filter>Common\qt</Filter>
    </ClCompile>
    <ClCompile Include="..\src\qt\bitcoingui.cpp">
      <Filter>Common\qt</Filter>
    </ClCompile>
    <ClCompile Include="..\src\qt\bitcoinunits.cpp">
      <Filter>Common\qt</Filter>
    </ClCompile>
    <ClCompile Include="..\src\qt\clientmodel.cpp">
      <Filter>Common\qt</Filter>
    </ClCompile>
    <ClCompile Include="..\src\qt\coincontroldialog.cpp">
      <Filter>Common\qt</Filter>
    </ClCompile>
    <ClCompile Include="..\src\qt\coincontroltreewidget.cpp">
      <Filter>Common\qt</Filter>
    </ClCompile>
    <ClCompile Include="..\src\qt\csvmodelwriter.cpp">
      <Filter>Common\qt</Filter>
    </ClCompile>
    <ClCompile Include="..\src\qt\editaddressdialog.cpp">
      <Filter>Common\qt</Filter>
    </ClCompile>
    <ClCompile Include="..\src\qt\guiutil.cpp">
      <Filter>Common\qt</Filter>
    </ClCompile>
    <ClCompile Include="..\src\qt\modaloverlay.cpp">
      <Filter>Common\qt</Filter>
    </ClCompile>
    <ClCompile Include="..\src\qt\networkstyle.cpp">
      <Filter>Common\qt</Filter>
    </ClCompile>
    <ClCompile Include="..\src\qt\notificator.cpp">
      <Filter>Common\qt</Filter>
    </ClCompile>
    <ClCompile Include="..\src\qt\openuridialog.cpp">
      <Filter>Common\qt</Filter>
    </ClCompile>
    <ClCompile Include="..\src\qt\optionsdialog.cpp">
      <Filter>Common\qt</Filter>
    </ClCompile>
    <ClCompile Include="..\src\qt\optionsmodel.cpp">
      <Filter>Common\qt</Filter>
    </ClCompile>
    <ClCompile Include="..\src\qt\paymentrequestplus.cpp">
      <Filter>Common\qt</Filter>
    </ClCompile>
    <ClCompile Include="..\src\qt\paymentserver.cpp">
      <Filter>Common\qt</Filter>
    </ClCompile>
    <ClCompile Include="..\src\qt\peertablemodel.cpp">
      <Filter>Common\qt</Filter>
    </ClCompile>
    <ClCompile Include="..\src\qt\platformstyle.cpp">
      <Filter>Common\qt</Filter>
    </ClCompile>
    <ClCompile Include="..\src\qt\qvalidatedlineedit.cpp">
      <Filter>Common\qt</Filter>
    </ClCompile>
    <ClCompile Include="..\src\qt\qvaluecombobox.cpp">
      <Filter>Common\qt</Filter>
    </ClCompile>
    <ClCompile Include="..\src\qt\receivecoinsdialog.cpp">
      <Filter>Common\qt</Filter>
    </ClCompile>
    <ClCompile Include="..\src\qt\receiverequestdialog.cpp">
      <Filter>Common\qt</Filter>
    </ClCompile>
    <ClCompile Include="..\src\qt\recentrequeststablemodel.cpp">
      <Filter>Common\qt</Filter>
    </ClCompile>
    <ClCompile Include="..\src\qt\sendcoinsdialog.cpp">
      <Filter>Common\qt</Filter>
    </ClCompile>
    <ClCompile Include="..\src\qt\sendcoinsentry.cpp">
      <Filter>Common\qt</Filter>
    </ClCompile>
    <ClCompile Include="..\src\qt\signverifymessagedialog.cpp">
      <Filter>Common\qt</Filter>
    </ClCompile>
    <ClCompile Include="..\src\qt\splashscreen.cpp">
      <Filter>Common\qt</Filter>
    </ClCompile>
    <ClCompile Include="..\src\qt\trafficgraphwidget.cpp">
      <Filter>Common\qt</Filter>
    </ClCompile>
    <ClCompile Include="..\src\qt\transactiondesc.cpp">
      <Filter>Common\qt</Filter>
    </ClCompile>
    <ClCompile Include="..\src\qt\transactiondescdialog.cpp">
      <Filter>Common\qt</Filter>
    </ClCompile>
    <ClCompile Include="..\src\qt\transactionfilterproxy.cpp">
      <Filter>Common\qt</Filter>
    </ClCompile>
    <ClCompile Include="..\src\qt\transactionrecord.cpp">
      <Filter>Common\qt</Filter>
    </ClCompile>
    <ClCompile Include="..\src\qt\transactiontablemodel.cpp">
      <Filter>Common\qt</Filter>
    </ClCompile>
    <ClCompile Include="..\src\qt\transactionview.cpp">
      <Filter>Common\qt</Filter>
    </ClCompile>
    <ClCompile Include="..\src\qt\utilitydialog.cpp">
      <Filter>Common\qt</Filter>
    </ClCompile>
    <ClCompile Include="..\src\qt\walletframe.cpp">
      <Filter>Common\qt</Filter>
    </ClCompile>
    <ClCompile Include="..\src\qt\walletmodel.cpp">
      <Filter>Common\qt</Filter>
    </ClCompile>
    <ClCompile Include="..\src\qt\walletmodeltransaction.cpp">
      <Filter>Common\qt</Filter>
    </ClCompile>
    <ClCompile Include="..\src\qt\walletview.cpp">
      <Filter>Common\qt</Filter>
    </ClCompile>
    <ClCompile Include="..\src\qt\winshutdownmonitor.cpp">
      <Filter>Common\qt</Filter>
    </ClCompile>
    <ClCompile Include="..\src\netbase.cpp">
      <Filter>Common\src</Filter>
    </ClCompile>
    <ClCompile Include="..\src\wallet\crypter.cpp">
      <Filter>Common\wallet</Filter>
    </ClCompile>
    <ClCompile Include="..\src\wallet\rpcwallet.cpp">
      <Filter>Common\wallet</Filter>
    </ClCompile>
    <ClCompile Include="..\src\crypto\aes.cpp">
      <Filter>Common\crypto</Filter>
    </ClCompile>
    <ClCompile Include="..\src\leveldb\db\db_iter.cc">
      <Filter>Common\leveldb\db</Filter>
    </ClCompile>
  </ItemGroup>
  <ItemGroup>
    <Filter Include="Resource Files">
      <UniqueIdentifier>{D9D6E242-F8AF-46E4-B9FD-80ECBC20BA3E}</UniqueIdentifier>
      <Extensions>qrc;*</Extensions>
      <ParseFiles>false</ParseFiles>
    </Filter>
    <Filter Include="Source Files">
      <UniqueIdentifier>{4FC737F1-C7A5-4376-A066-2A32D752A2FF}</UniqueIdentifier>
      <Extensions>cpp;c;cc;cxx;def;odl;idl;hpj;bat;asm;asmx</Extensions>
      <ParseFiles>true</ParseFiles>
    </Filter>
    <Filter Include="Header Files">
      <UniqueIdentifier>{93995380-89BD-4b04-88EB-625FBE52EBFB}</UniqueIdentifier>
      <Extensions>h;hh;hpp;hxx;hm;inl;inc;xsd</Extensions>
      <ParseFiles>true</ParseFiles>
    </Filter>
    <Filter Include="Form Files">
      <UniqueIdentifier>{99349809-55BA-4b9d-BF79-8FDBB0286EB3}</UniqueIdentifier>
      <Extensions>ui</Extensions>
      <ParseFiles>true</ParseFiles>
    </Filter>
    <Filter Include="locale">
      <UniqueIdentifier>{31e10c4d-5e36-44ff-b3b9-2f409b675d8c}</UniqueIdentifier>
    </Filter>
    <Filter Include="proto">
      <UniqueIdentifier>{1574f6b2-988f-40cb-a453-1d78a6a66ffa}</UniqueIdentifier>
    </Filter>
    <Filter Include="res">
      <UniqueIdentifier>{5806449d-bbc3-42cb-bea7-6212b0dae285}</UniqueIdentifier>
    </Filter>
    <Filter Include="res\icons">
      <UniqueIdentifier>{9a169e82-cdc7-4695-83e4-c50fc9cd0ed7}</UniqueIdentifier>
    </Filter>
    <Filter Include="res\movies">
      <UniqueIdentifier>{18afadeb-c511-41a9-b2fd-d70ab1ae1b77}</UniqueIdentifier>
    </Filter>
    <Filter Include="res\src">
      <UniqueIdentifier>{dfdc068f-647b-4417-9bc9-03477c761022}</UniqueIdentifier>
    </Filter>
    <Filter Include="Common">
      <UniqueIdentifier>{816c6106-1dde-48d8-b96e-16207c292126}</UniqueIdentifier>
    </Filter>
    <Filter Include="Common\compat">
      <UniqueIdentifier>{3a9d56eb-9ea3-4e36-a0ac-aee6e80b0e2d}</UniqueIdentifier>
    </Filter>
    <Filter Include="Common\consensus">
      <UniqueIdentifier>{6f254307-4dcf-4bf2-96ad-d168b78a516d}</UniqueIdentifier>
    </Filter>
    <Filter Include="Common\crypto">
      <UniqueIdentifier>{f892b478-179d-48b4-96ab-830ec44d427f}</UniqueIdentifier>
    </Filter>
    <Filter Include="Common\crypto\ctaes">
      <UniqueIdentifier>{fce9f157-2c8c-4917-b5be-1ca12991ac36}</UniqueIdentifier>
    </Filter>
    <Filter Include="Common\leveldb">
      <UniqueIdentifier>{df22ece9-84de-4db5-be8b-da0c3d603935}</UniqueIdentifier>
    </Filter>
    <Filter Include="Common\leveldb\db">
      <UniqueIdentifier>{e24b69ca-80de-4577-aa5b-101a47581662}</UniqueIdentifier>
    </Filter>
    <Filter Include="Common\leveldb\helpers">
      <UniqueIdentifier>{32d895ad-ecaf-40a0-a9d2-b5f83f42b630}</UniqueIdentifier>
    </Filter>
    <Filter Include="Common\leveldb\helpers\memenv">
      <UniqueIdentifier>{fa99c9ce-48c8-4d58-884e-53bb9d330812}</UniqueIdentifier>
    </Filter>
    <Filter Include="Common\leveldb\include">
      <UniqueIdentifier>{efc9ebb9-a259-44b0-904a-719d4ad73dcd}</UniqueIdentifier>
    </Filter>
    <Filter Include="Common\leveldb\include\leveldb">
      <UniqueIdentifier>{6a0990c3-9ff8-4493-bf5c-1dc038b6cd1f}</UniqueIdentifier>
    </Filter>
    <Filter Include="Common\leveldb\port">
      <UniqueIdentifier>{e43d8d56-ea5a-46d2-a44a-2cb01b6cd3ca}</UniqueIdentifier>
    </Filter>
    <Filter Include="Common\leveldb\port\win">
      <UniqueIdentifier>{7ca29b72-2227-4a22-b62b-ac800f63bac8}</UniqueIdentifier>
    </Filter>
    <Filter Include="Common\leveldb\table">
      <UniqueIdentifier>{312de88f-5437-48c8-bf39-8c4658ff3f44}</UniqueIdentifier>
    </Filter>
    <Filter Include="Common\leveldb\util">
      <UniqueIdentifier>{555db16c-4c64-4cca-93da-e22041916d90}</UniqueIdentifier>
    </Filter>
    <Filter Include="Common\policy">
      <UniqueIdentifier>{6ba7e45c-990d-475e-845d-ef7735ca4f39}</UniqueIdentifier>
    </Filter>
    <Filter Include="Common\primitives">
      <UniqueIdentifier>{8ec7368b-f9e5-4cf6-9ab7-8a119fe2a7e4}</UniqueIdentifier>
    </Filter>
    <Filter Include="Common\rpc">
      <UniqueIdentifier>{a943a0c3-e970-4996-956b-69b9996f309c}</UniqueIdentifier>
    </Filter>
    <Filter Include="Common\script">
      <UniqueIdentifier>{94e478d2-43b0-4b3b-8d85-de80805ff834}</UniqueIdentifier>
    </Filter>
    <Filter Include="Common\secp256k1">
      <UniqueIdentifier>{dc0a7919-d6a8-4768-bc4e-83f1c41f28a8}</UniqueIdentifier>
    </Filter>
    <Filter Include="Common\secp256k1\contrib">
      <UniqueIdentifier>{afb2a608-575f-424f-9f3e-bd2d6885945a}</UniqueIdentifier>
    </Filter>
    <Filter Include="Common\secp256k1\include">
      <UniqueIdentifier>{fa8c37f0-19bb-4988-980b-e4d11e1f317d}</UniqueIdentifier>
    </Filter>
    <Filter Include="Common\secp256k1\src">
      <UniqueIdentifier>{cc51ca05-eeb0-4286-a2c1-67a640bcf06b}</UniqueIdentifier>
    </Filter>
    <Filter Include="Common\secp256k1\src\asm">
      <UniqueIdentifier>{4f97350e-2400-42e8-ad2f-7a344f6bc6e3}</UniqueIdentifier>
    </Filter>
    <Filter Include="Common\secp256k1\src\modules">
      <UniqueIdentifier>{be7a3fbc-ec74-483e-bcd5-ad15ed77d890}</UniqueIdentifier>
    </Filter>
    <Filter Include="Common\secp256k1\src\modules\ecdh">
      <UniqueIdentifier>{b6408864-8880-465f-9163-bd2cedb643fe}</UniqueIdentifier>
    </Filter>
    <Filter Include="Common\secp256k1\src\modules\recovery">
      <UniqueIdentifier>{4ddcf2bc-fcab-414c-92ac-f2a383c7df5c}</UniqueIdentifier>
    </Filter>
    <Filter Include="Common\support">
      <UniqueIdentifier>{ee25f175-1d1e-421e-8526-b407e84cb3ad}</UniqueIdentifier>
    </Filter>
    <Filter Include="Common\support\allocators">
      <UniqueIdentifier>{8470a557-181e-4b74-8761-4b34793f9e0c}</UniqueIdentifier>
    </Filter>
    <Filter Include="Common\univalue">
      <UniqueIdentifier>{fdcef491-59c7-4d0d-bfa5-b3ff4d9e17a8}</UniqueIdentifier>
    </Filter>
    <Filter Include="Common\univalue\include">
      <UniqueIdentifier>{ea21a0b9-dd75-45e3-8fa1-03cff5dec5da}</UniqueIdentifier>
    </Filter>
    <Filter Include="Common\univalue\lib">
      <UniqueIdentifier>{82274521-2fa3-4ca3-bfda-5b3daad2b374}</UniqueIdentifier>
    </Filter>
    <Filter Include="Common\wallet">
      <UniqueIdentifier>{bc355699-9634-49a9-b46a-c35678553f97}</UniqueIdentifier>
    </Filter>
    <Filter Include="Common\src">
      <UniqueIdentifier>{633fb717-806e-4a33-a01e-3a8804ff6330}</UniqueIdentifier>
    </Filter>
    <Filter Include="Common\qt">
      <UniqueIdentifier>{f5e35192-4fa7-4e33-81ff-56a2f1352cb2}</UniqueIdentifier>
    </Filter>
  </ItemGroup>
  <ItemGroup>
    <QtUic Include="..\src\qt\forms\addressbookpage.ui">
      <Filter>Form Files</Filter>
    </QtUic>
    <QtUic Include="..\src\qt\forms\askpassphrasedialog.ui">
      <Filter>Form Files</Filter>
    </QtUic>
    <QtUic Include="..\src\qt\forms\coincontroldialog.ui">
      <Filter>Form Files</Filter>
    </QtUic>
    <QtUic Include="..\src\qt\forms\debugwindow.ui">
      <Filter>Form Files</Filter>
    </QtUic>
    <QtUic Include="..\src\qt\forms\editaddressdialog.ui">
      <Filter>Form Files</Filter>
    </QtUic>
    <QtUic Include="..\src\qt\forms\helpmessagedialog.ui">
      <Filter>Form Files</Filter>
    </QtUic>
    <QtUic Include="..\src\qt\forms\intro.ui">
      <Filter>Form Files</Filter>
    </QtUic>
    <QtUic Include="..\src\qt\forms\modaloverlay.ui">
      <Filter>Form Files</Filter>
    </QtUic>
    <QtUic Include="..\src\qt\forms\openuridialog.ui">
      <Filter>Form Files</Filter>
    </QtUic>
    <QtUic Include="..\src\qt\forms\optionsdialog.ui">
      <Filter>Form Files</Filter>
    </QtUic>
    <QtUic Include="..\src\qt\forms\overviewpage.ui">
      <Filter>Form Files</Filter>
    </QtUic>
    <QtUic Include="..\src\qt\forms\receivecoinsdialog.ui">
      <Filter>Form Files</Filter>
    </QtUic>
    <QtUic Include="..\src\qt\forms\receiverequestdialog.ui">
      <Filter>Form Files</Filter>
    </QtUic>
    <QtUic Include="..\src\qt\forms\sendcoinsdialog.ui">
      <Filter>Form Files</Filter>
    </QtUic>
    <QtUic Include="..\src\qt\forms\sendcoinsentry.ui">
      <Filter>Form Files</Filter>
    </QtUic>
    <QtUic Include="..\src\qt\forms\signverifymessagedialog.ui">
      <Filter>Form Files</Filter>
    </QtUic>
    <QtUic Include="..\src\qt\forms\transactiondescdialog.ui">
      <Filter>Form Files</Filter>
    </QtUic>
  </ItemGroup>
  <ItemGroup>
    <QtRcc Include="..\src\qt\bitcoin.qrc">
      <Filter>Resource Files</Filter>
    </QtRcc>
  </ItemGroup>
  <ItemGroup>
    <ClInclude Include="..\src\qt\paymentrequest.pb.h">
      <Filter>proto</Filter>
    </ClInclude>
    <ClInclude Include="..\src\compat\byteswap.h">
      <Filter>Common\compat</Filter>
    </ClInclude>
    <ClInclude Include="..\src\compat\endian.h">
      <Filter>Common\compat</Filter>
    </ClInclude>
    <ClInclude Include="..\src\compat\sanity.h">
      <Filter>Common\compat</Filter>
    </ClInclude>
    <ClInclude Include="..\src\consensus\consensus.h">
      <Filter>Common\consensus</Filter>
    </ClInclude>
    <ClInclude Include="..\src\consensus\merkle.h">
      <Filter>Common\consensus</Filter>
    </ClInclude>
    <ClInclude Include="..\src\consensus\params.h">
      <Filter>Common\consensus</Filter>
    </ClInclude>
    <ClInclude Include="..\src\consensus\validation.h">
      <Filter>Common\consensus</Filter>
    </ClInclude>
    <ClInclude Include="..\src\crypto\common.h">
      <Filter>Common\crypto</Filter>
    </ClInclude>
    <ClInclude Include="..\src\crypto\hmac_sha256.h">
      <Filter>Common\crypto</Filter>
    </ClInclude>
    <ClInclude Include="..\src\crypto\hmac_sha512.h">
      <Filter>Common\crypto</Filter>
    </ClInclude>
    <ClInclude Include="..\src\crypto\ripemd160.h">
      <Filter>Common\crypto</Filter>
    </ClInclude>
    <ClInclude Include="..\src\crypto\sha1.h">
      <Filter>Common\crypto</Filter>
    </ClInclude>
    <ClInclude Include="..\src\crypto\sha256.h">
      <Filter>Common\crypto</Filter>
    </ClInclude>
    <ClInclude Include="..\src\crypto\sha512.h">
      <Filter>Common\crypto</Filter>
    </ClInclude>
    <ClInclude Include="..\src\leveldb\db\builder.h">
      <Filter>Common\leveldb\db</Filter>
    </ClInclude>
    <ClInclude Include="..\src\leveldb\db\dbformat.h">
      <Filter>Common\leveldb\db</Filter>
    </ClInclude>
    <ClInclude Include="..\src\leveldb\db\db_impl.h">
      <Filter>Common\leveldb\db</Filter>
    </ClInclude>
    <ClInclude Include="..\src\leveldb\db\db_iter.h">
      <Filter>Common\leveldb\db</Filter>
    </ClInclude>
    <ClInclude Include="..\src\leveldb\db\filename.h">
      <Filter>Common\leveldb\db</Filter>
    </ClInclude>
    <ClInclude Include="..\src\leveldb\db\log_format.h">
      <Filter>Common\leveldb\db</Filter>
    </ClInclude>
    <ClInclude Include="..\src\leveldb\db\log_reader.h">
      <Filter>Common\leveldb\db</Filter>
    </ClInclude>
    <ClInclude Include="..\src\leveldb\db\log_writer.h">
      <Filter>Common\leveldb\db</Filter>
    </ClInclude>
    <ClInclude Include="..\src\leveldb\db\memtable.h">
      <Filter>Common\leveldb\db</Filter>
    </ClInclude>
    <ClInclude Include="..\src\leveldb\db\skiplist.h">
      <Filter>Common\leveldb\db</Filter>
    </ClInclude>
    <ClInclude Include="..\src\leveldb\db\snapshot.h">
      <Filter>Common\leveldb\db</Filter>
    </ClInclude>
    <ClInclude Include="..\src\leveldb\db\table_cache.h">
      <Filter>Common\leveldb\db</Filter>
    </ClInclude>
    <ClInclude Include="..\src\leveldb\db\version_edit.h">
      <Filter>Common\leveldb\db</Filter>
    </ClInclude>
    <ClInclude Include="..\src\leveldb\db\version_set.h">
      <Filter>Common\leveldb\db</Filter>
    </ClInclude>
    <ClInclude Include="..\src\leveldb\db\write_batch_internal.h">
      <Filter>Common\leveldb\db</Filter>
    </ClInclude>
    <ClInclude Include="..\src\leveldb\helpers\memenv\memenv.h">
      <Filter>Common\leveldb\helpers\memenv</Filter>
    </ClInclude>
    <ClInclude Include="..\src\leveldb\include\leveldb\c.h">
      <Filter>Common\leveldb\include\leveldb</Filter>
    </ClInclude>
    <ClInclude Include="..\src\leveldb\include\leveldb\cache.h">
      <Filter>Common\leveldb\include\leveldb</Filter>
    </ClInclude>
    <ClInclude Include="..\src\leveldb\include\leveldb\comparator.h">
      <Filter>Common\leveldb\include\leveldb</Filter>
    </ClInclude>
    <ClInclude Include="..\src\leveldb\include\leveldb\db.h">
      <Filter>Common\leveldb\include\leveldb</Filter>
    </ClInclude>
    <ClInclude Include="..\src\leveldb\include\leveldb\dumpfile.h">
      <Filter>Common\leveldb\include\leveldb</Filter>
    </ClInclude>
    <ClInclude Include="..\src\leveldb\include\leveldb\env.h">
      <Filter>Common\leveldb\include\leveldb</Filter>
    </ClInclude>
    <ClInclude Include="..\src\leveldb\include\leveldb\filter_policy.h">
      <Filter>Common\leveldb\include\leveldb</Filter>
    </ClInclude>
    <ClInclude Include="..\src\leveldb\include\leveldb\iterator.h">
      <Filter>Common\leveldb\include\leveldb</Filter>
    </ClInclude>
    <ClInclude Include="..\src\leveldb\include\leveldb\options.h">
      <Filter>Common\leveldb\include\leveldb</Filter>
    </ClInclude>
    <ClInclude Include="..\src\leveldb\include\leveldb\slice.h">
      <Filter>Common\leveldb\include\leveldb</Filter>
    </ClInclude>
    <ClInclude Include="..\src\leveldb\include\leveldb\status.h">
      <Filter>Common\leveldb\include\leveldb</Filter>
    </ClInclude>
    <ClInclude Include="..\src\leveldb\include\leveldb\table.h">
      <Filter>Common\leveldb\include\leveldb</Filter>
    </ClInclude>
    <ClInclude Include="..\src\leveldb\include\leveldb\table_builder.h">
      <Filter>Common\leveldb\include\leveldb</Filter>
    </ClInclude>
    <ClInclude Include="..\src\leveldb\include\leveldb\write_batch.h">
      <Filter>Common\leveldb\include\leveldb</Filter>
    </ClInclude>
    <ClInclude Include="..\src\leveldb\port\atomic_pointer.h">
      <Filter>Common\leveldb\port</Filter>
    </ClInclude>
    <ClInclude Include="..\src\leveldb\port\port.h">
      <Filter>Common\leveldb\port</Filter>
    </ClInclude>
    <ClInclude Include="..\src\leveldb\port\port_example.h">
      <Filter>Common\leveldb\port</Filter>
    </ClInclude>
    <ClInclude Include="..\src\leveldb\port\port_win.h">
      <Filter>Common\leveldb\port</Filter>
    </ClInclude>
    <ClInclude Include="..\src\leveldb\port\thread_annotations.h">
      <Filter>Common\leveldb\port</Filter>
    </ClInclude>
    <ClInclude Include="..\src\leveldb\port\win\stdint.h">
      <Filter>Common\leveldb\port\win</Filter>
    </ClInclude>
    <ClInclude Include="..\src\leveldb\table\block_builder.h">
      <Filter>Common\leveldb\table</Filter>
    </ClInclude>
    <ClInclude Include="..\src\leveldb\table\filter_block.h">
      <Filter>Common\leveldb\table</Filter>
    </ClInclude>
    <ClInclude Include="..\src\leveldb\table\format.h">
      <Filter>Common\leveldb\table</Filter>
    </ClInclude>
    <ClInclude Include="..\src\leveldb\table\iterator_wrapper.h">
      <Filter>Common\leveldb\table</Filter>
    </ClInclude>
    <ClInclude Include="..\src\leveldb\table\merger.h">
      <Filter>Common\leveldb\table</Filter>
    </ClInclude>
    <ClInclude Include="..\src\leveldb\table\two_level_iterator.h">
      <Filter>Common\leveldb\table</Filter>
    </ClInclude>
    <ClInclude Include="..\src\leveldb\table\block.h">
      <Filter>Common\leveldb\table</Filter>
    </ClInclude>
    <ClInclude Include="..\src\leveldb\util\arena.h">
      <Filter>Common\leveldb\util</Filter>
    </ClInclude>
    <ClInclude Include="..\src\leveldb\util\coding.h">
      <Filter>Common\leveldb\util</Filter>
    </ClInclude>
    <ClInclude Include="..\src\leveldb\util\crc32c.h">
      <Filter>Common\leveldb\util</Filter>
    </ClInclude>
    <ClInclude Include="..\src\leveldb\util\hash.h">
      <Filter>Common\leveldb\util</Filter>
    </ClInclude>
    <ClInclude Include="..\src\leveldb\util\histogram.h">
      <Filter>Common\leveldb\util</Filter>
    </ClInclude>
    <ClInclude Include="..\src\leveldb\util\logging.h">
      <Filter>Common\leveldb\util</Filter>
    </ClInclude>
    <ClInclude Include="..\src\leveldb\util\mutexlock.h">
      <Filter>Common\leveldb\util</Filter>
    </ClInclude>
    <ClInclude Include="..\src\leveldb\util\posix_logger.h">
      <Filter>Common\leveldb\util</Filter>
    </ClInclude>
    <ClInclude Include="..\src\leveldb\util\random.h">
      <Filter>Common\leveldb\util</Filter>
    </ClInclude>
    <ClInclude Include="..\src\leveldb\util\testharness.h">
      <Filter>Common\leveldb\util</Filter>
    </ClInclude>
    <ClInclude Include="..\src\leveldb\util\testutil.h">
      <Filter>Common\leveldb\util</Filter>
    </ClInclude>
    <ClInclude Include="..\src\policy\fees.h">
      <Filter>Common\policy</Filter>
    </ClInclude>
    <ClInclude Include="..\src\policy\policy.h">
      <Filter>Common\policy</Filter>
    </ClInclude>
    <ClInclude Include="..\src\policy\rbf.h">
      <Filter>Common\policy</Filter>
    </ClInclude>
    <ClInclude Include="..\src\primitives\block.h">
      <Filter>Common\primitives</Filter>
    </ClInclude>
    <ClInclude Include="..\src\primitives\transaction.h">
      <Filter>Common\primitives</Filter>
    </ClInclude>
    <ClInclude Include="..\src\rpc\client.h">
      <Filter>Common\rpc</Filter>
    </ClInclude>
    <ClInclude Include="..\src\rpc\rawtransaction.h">
      <Filter>Common\rpc</Filter>
    </ClInclude>
    <ClInclude Include="..\src\rpc\register.h">
      <Filter>Common\rpc</Filter>
    </ClInclude>
    <ClInclude Include="..\src\rpc\server.h">
      <Filter>Common\rpc</Filter>
    </ClInclude>
    <ClInclude Include="..\src\rpc\protocol.h">
      <Filter>Common\rpc</Filter>
    </ClInclude>
    <ClInclude Include="..\src\script\bitcoinconsensus.h">
      <Filter>Common\script</Filter>
    </ClInclude>
    <ClInclude Include="..\src\script\interpreter.h">
      <Filter>Common\script</Filter>
    </ClInclude>
    <ClInclude Include="..\src\script\ismine.h">
      <Filter>Common\script</Filter>
    </ClInclude>
    <ClInclude Include="..\src\script\script.h">
      <Filter>Common\script</Filter>
    </ClInclude>
    <ClInclude Include="..\src\script\script_error.h">
      <Filter>Common\script</Filter>
    </ClInclude>
    <ClInclude Include="..\src\script\sigcache.h">
      <Filter>Common\script</Filter>
    </ClInclude>
    <ClInclude Include="..\src\script\sign.h">
      <Filter>Common\script</Filter>
    </ClInclude>
    <ClInclude Include="..\src\script\standard.h">
      <Filter>Common\script</Filter>
    </ClInclude>
    <ClInclude Include="..\src\secp256k1\contrib\lax_der_parsing.h">
      <Filter>Common\secp256k1\contrib</Filter>
    </ClInclude>
    <ClInclude Include="..\src\secp256k1\contrib\lax_der_privatekey_parsing.h">
      <Filter>Common\secp256k1\contrib</Filter>
    </ClInclude>
    <ClInclude Include="..\src\secp256k1\include\secp256k1.h">
      <Filter>Common\secp256k1\include</Filter>
    </ClInclude>
    <ClInclude Include="..\src\secp256k1\include\secp256k1_ecdh.h">
      <Filter>Common\secp256k1\include</Filter>
    </ClInclude>
    <ClInclude Include="..\src\secp256k1\include\secp256k1_recovery.h">
      <Filter>Common\secp256k1\include</Filter>
    </ClInclude>
    <ClInclude Include="..\src\secp256k1\include\secp256k1_schnorr.h">
      <Filter>Common\secp256k1\include</Filter>
    </ClInclude>
    <ClInclude Include="..\src\secp256k1\src\basic-config.h">
      <Filter>Common\secp256k1\src</Filter>
    </ClInclude>
    <ClInclude Include="..\src\secp256k1\src\ecdsa.h">
      <Filter>Common\secp256k1\src</Filter>
    </ClInclude>
    <ClInclude Include="..\src\secp256k1\src\ecdsa_impl.h">
      <Filter>Common\secp256k1\src</Filter>
    </ClInclude>
    <ClInclude Include="..\src\secp256k1\src\eckey.h">
      <Filter>Common\secp256k1\src</Filter>
    </ClInclude>
    <ClInclude Include="..\src\secp256k1\src\eckey_impl.h">
      <Filter>Common\secp256k1\src</Filter>
    </ClInclude>
    <ClInclude Include="..\src\secp256k1\src\ecmult.h">
      <Filter>Common\secp256k1\src</Filter>
    </ClInclude>
    <ClInclude Include="..\src\secp256k1\src\ecmult_const.h">
      <Filter>Common\secp256k1\src</Filter>
    </ClInclude>
    <ClInclude Include="..\src\secp256k1\src\ecmult_const_impl.h">
      <Filter>Common\secp256k1\src</Filter>
    </ClInclude>
    <ClInclude Include="..\src\secp256k1\src\ecmult_gen.h">
      <Filter>Common\secp256k1\src</Filter>
    </ClInclude>
    <ClInclude Include="..\src\secp256k1\src\ecmult_gen_impl.h">
      <Filter>Common\secp256k1\src</Filter>
    </ClInclude>
    <ClInclude Include="..\src\secp256k1\src\ecmult_impl.h">
      <Filter>Common\secp256k1\src</Filter>
    </ClInclude>
    <ClInclude Include="..\src\secp256k1\src\ecmult_static_context.h">
      <Filter>Common\secp256k1\src</Filter>
    </ClInclude>
    <ClInclude Include="..\src\secp256k1\src\field.h">
      <Filter>Common\secp256k1\src</Filter>
    </ClInclude>
    <ClInclude Include="..\src\secp256k1\src\field_10x26.h">
      <Filter>Common\secp256k1\src</Filter>
    </ClInclude>
    <ClInclude Include="..\src\secp256k1\src\field_10x26_impl.h">
      <Filter>Common\secp256k1\src</Filter>
    </ClInclude>
    <ClInclude Include="..\src\secp256k1\src\field_5x52.h">
      <Filter>Common\secp256k1\src</Filter>
    </ClInclude>
    <ClInclude Include="..\src\secp256k1\src\field_5x52_asm_impl.h">
      <Filter>Common\secp256k1\src</Filter>
    </ClInclude>
    <ClInclude Include="..\src\secp256k1\src\field_5x52_impl.h">
      <Filter>Common\secp256k1\src</Filter>
    </ClInclude>
    <ClInclude Include="..\src\secp256k1\src\field_5x52_int128_impl.h">
      <Filter>Common\secp256k1\src</Filter>
    </ClInclude>
    <ClInclude Include="..\src\secp256k1\src\field_impl.h">
      <Filter>Common\secp256k1\src</Filter>
    </ClInclude>
    <ClInclude Include="..\src\secp256k1\src\group.h">
      <Filter>Common\secp256k1\src</Filter>
    </ClInclude>
    <ClInclude Include="..\src\secp256k1\src\group_impl.h">
      <Filter>Common\secp256k1\src</Filter>
    </ClInclude>
    <ClInclude Include="..\src\secp256k1\src\hash.h">
      <Filter>Common\secp256k1\src</Filter>
    </ClInclude>
    <ClInclude Include="..\src\secp256k1\src\hash_impl.h">
      <Filter>Common\secp256k1\src</Filter>
    </ClInclude>
    <ClInclude Include="..\src\secp256k1\src\num.h">
      <Filter>Common\secp256k1\src</Filter>
    </ClInclude>
    <ClInclude Include="..\src\secp256k1\src\num_gmp.h">
      <Filter>Common\secp256k1\src</Filter>
    </ClInclude>
    <ClInclude Include="..\src\secp256k1\src\num_gmp_impl.h">
      <Filter>Common\secp256k1\src</Filter>
    </ClInclude>
    <ClInclude Include="..\src\secp256k1\src\num_impl.h">
      <Filter>Common\secp256k1\src</Filter>
    </ClInclude>
    <ClInclude Include="..\src\secp256k1\src\scalar.h">
      <Filter>Common\secp256k1\src</Filter>
    </ClInclude>
    <ClInclude Include="..\src\secp256k1\src\scalar_4x64.h">
      <Filter>Common\secp256k1\src</Filter>
    </ClInclude>
    <ClInclude Include="..\src\secp256k1\src\scalar_4x64_impl.h">
      <Filter>Common\secp256k1\src</Filter>
    </ClInclude>
    <ClInclude Include="..\src\secp256k1\src\scalar_8x32.h">
      <Filter>Common\secp256k1\src</Filter>
    </ClInclude>
    <ClInclude Include="..\src\secp256k1\src\scalar_8x32_impl.h">
      <Filter>Common\secp256k1\src</Filter>
    </ClInclude>
    <ClInclude Include="..\src\secp256k1\src\scalar_impl.h">
      <Filter>Common\secp256k1\src</Filter>
    </ClInclude>
    <ClInclude Include="..\src\secp256k1\src\scalar_low.h">
      <Filter>Common\secp256k1\src</Filter>
    </ClInclude>
    <ClInclude Include="..\src\secp256k1\src\scalar_low_impl.h">
      <Filter>Common\secp256k1\src</Filter>
    </ClInclude>
    <ClInclude Include="..\src\secp256k1\src\testrand.h">
      <Filter>Common\secp256k1\src</Filter>
    </ClInclude>
    <ClInclude Include="..\src\secp256k1\src\testrand_impl.h">
      <Filter>Common\secp256k1\src</Filter>
    </ClInclude>
    <ClInclude Include="..\src\secp256k1\src\util.h">
      <Filter>Common\secp256k1\src</Filter>
    </ClInclude>
    <ClInclude Include="..\src\secp256k1\src\modules\ecdh\main_impl.h">
      <Filter>Common\secp256k1\src\modules\ecdh</Filter>
    </ClInclude>
    <ClInclude Include="..\src\secp256k1\src\modules\ecdh\tests_impl.h">
      <Filter>Common\secp256k1\src\modules\ecdh</Filter>
    </ClInclude>
    <ClInclude Include="..\src\secp256k1\src\modules\recovery\main_impl.h">
      <Filter>Common\secp256k1\src\modules\recovery</Filter>
    </ClInclude>
    <ClInclude Include="..\src\secp256k1\src\modules\recovery\tests_impl.h">
      <Filter>Common\secp256k1\src\modules\recovery</Filter>
    </ClInclude>
    <ClInclude Include="..\src\support\cleanse.h">
      <Filter>Common\support</Filter>
    </ClInclude>
    <ClInclude Include="..\src\support\events.h">
      <Filter>Common\support</Filter>
    </ClInclude>
    <ClInclude Include="..\src\support\lockedpool.h">
      <Filter>Common\support</Filter>
    </ClInclude>
    <ClInclude Include="..\src\support\allocators\secure.h">
      <Filter>Common\support\allocators</Filter>
    </ClInclude>
    <ClInclude Include="..\src\support\allocators\zeroafterfree.h">
      <Filter>Common\support\allocators</Filter>
    </ClInclude>
    <ClInclude Include="..\src\univalue\include\univalue.h">
      <Filter>Common\univalue\include</Filter>
    </ClInclude>
    <ClInclude Include="..\src\univalue\lib\univalue_escapes.h">
      <Filter>Common\univalue\lib</Filter>
    </ClInclude>
    <ClInclude Include="..\src\univalue\lib\univalue_utffilter.h">
      <Filter>Common\univalue\lib</Filter>
    </ClInclude>
    <ClInclude Include="..\src\wallet\coincontrol.h">
      <Filter>Common\wallet</Filter>
    </ClInclude>
    <ClInclude Include="..\src\wallet\db.h">
      <Filter>Common\wallet</Filter>
    </ClInclude>
    <ClInclude Include="..\src\wallet\wallet.h">
      <Filter>Common\wallet</Filter>
    </ClInclude>
    <ClInclude Include="..\src\wallet\walletdb.h">
      <Filter>Common\wallet</Filter>
    </ClInclude>
    <ClInclude Include="..\src\addrdb.h">
      <Filter>Common\src</Filter>
    </ClInclude>
    <ClInclude Include="..\src\address.h">
      <Filter>Common\src</Filter>
    </ClInclude>
    <ClInclude Include="..\src\address_index.h">
      <Filter>Common\src</Filter>
    </ClInclude>
    <ClInclude Include="..\src\addrman.h">
      <Filter>Common\src</Filter>
    </ClInclude>
    <ClInclude Include="..\src\amount.h">
      <Filter>Common\src</Filter>
    </ClInclude>
    <ClInclude Include="..\src\arith_uint256.h">
      <Filter>Common\src</Filter>
    </ClInclude>
    <ClInclude Include="..\src\base58.h">
      <Filter>Common\src</Filter>
    </ClInclude>
    <ClInclude Include="..\src\blockhash.h">
      <Filter>Common\src</Filter>
    </ClInclude>
    <ClInclude Include="..\src\bloom.h">
      <Filter>Common\src</Filter>
    </ClInclude>
    <ClInclude Include="..\src\chain.h">
      <Filter>Common\src</Filter>
    </ClInclude>
    <ClInclude Include="..\src\chainparams.h">
      <Filter>Common\src</Filter>
    </ClInclude>
    <ClInclude Include="..\src\chainparamsbase.h">
      <Filter>Common\src</Filter>
    </ClInclude>
    <ClInclude Include="..\src\chainparamsseeds.h">
      <Filter>Common\src</Filter>
    </ClInclude>
    <ClInclude Include="..\src\checkpoints.h">
      <Filter>Common\src</Filter>
    </ClInclude>
    <ClInclude Include="..\src\checkqueue.h">
      <Filter>Common\src</Filter>
    </ClInclude>
    <ClInclude Include="..\src\clientversion.h">
      <Filter>Common\src</Filter>
    </ClInclude>
    <ClInclude Include="..\src\coins.h">
      <Filter>Common\src</Filter>
    </ClInclude>
    <ClInclude Include="..\src\commdt.h">
      <Filter>Common\src</Filter>
    </ClInclude>
    <ClInclude Include="..\src\compat.h">
      <Filter>Common\src</Filter>
    </ClInclude>
    <ClInclude Include="..\src\compressor.h">
      <Filter>Common\src</Filter>
    </ClInclude>
    <ClInclude Include="..\src\core_io.h">
      <Filter>Common\src</Filter>
    </ClInclude>
    <ClInclude Include="..\src\core_memusage.h">
      <Filter>Common\src</Filter>
    </ClInclude>
    <ClInclude Include="..\src\cuckoocache.h">
      <Filter>Common\src</Filter>
    </ClInclude>
    <ClInclude Include="..\src\dbwrapper.h">
      <Filter>Common\src</Filter>
    </ClInclude>
    <ClInclude Include="..\src\hash.h">
      <Filter>Common\src</Filter>
    </ClInclude>
    <ClInclude Include="..\src\httprpc.h">
      <Filter>Common\src</Filter>
    </ClInclude>
    <ClInclude Include="..\src\httpserver.h">
      <Filter>Common\src</Filter>
    </ClInclude>
    <ClInclude Include="..\src\indirectmap.h">
      <Filter>Common\src</Filter>
    </ClInclude>
    <ClInclude Include="..\src\init.h">
      <Filter>Common\src</Filter>
    </ClInclude>
    <ClInclude Include="..\src\key.h">
      <Filter>Common\src</Filter>
    </ClInclude>
    <ClInclude Include="..\src\keystore.h">
      <Filter>Common\src</Filter>
    </ClInclude>
    <ClInclude Include="..\src\limitedmap.h">
      <Filter>Common\src</Filter>
    </ClInclude>
    <ClInclude Include="..\src\memusage.h">
      <Filter>Common\src</Filter>
    </ClInclude>
    <ClInclude Include="..\src\merkleblock.h">
      <Filter>Common\src</Filter>
    </ClInclude>
    <ClInclude Include="..\src\miner.h">
      <Filter>Common\src</Filter>
    </ClInclude>
    <ClInclude Include="..\src\myaddress.h">
      <Filter>Common\src</Filter>
    </ClInclude>
    <ClInclude Include="..\src\net.h">
      <Filter>Common\src</Filter>
    </ClInclude>
    <ClInclude Include="..\src\netaddress.h">
      <Filter>Common\src</Filter>
    </ClInclude>
    <ClInclude Include="..\src\netbase.h">
      <Filter>Common\src</Filter>
    </ClInclude>
    <ClInclude Include="..\src\netmessagemaker.h">
      <Filter>Common\src</Filter>
    </ClInclude>
    <ClInclude Include="..\src\net_processing.h">
      <Filter>Common\src</Filter>
    </ClInclude>
    <ClInclude Include="..\src\noui.h">
      <Filter>Common\src</Filter>
    </ClInclude>
    <ClInclude Include="..\src\pow.h">
      <Filter>Common\src</Filter>
    </ClInclude>
    <ClInclude Include="..\src\prevector.h">
      <Filter>Common\src</Filter>
    </ClInclude>
    <ClInclude Include="..\src\protocol.h">
      <Filter>Common\src</Filter>
    </ClInclude>
    <ClInclude Include="..\src\pubkey.h">
      <Filter>Common\src</Filter>
    </ClInclude>
    <ClInclude Include="..\src\random.h">
      <Filter>Common\src</Filter>
    </ClInclude>
    <ClInclude Include="..\src\rpcwallet.h">
      <Filter>Common\src</Filter>
    </ClInclude>
    <ClInclude Include="..\src\scheduler.h">
      <Filter>Common\src</Filter>
    </ClInclude>
    <ClInclude Include="..\src\serialize.h">
      <Filter>Common\src</Filter>
    </ClInclude>
    <ClInclude Include="..\src\streams.h">
      <Filter>Common\src</Filter>
    </ClInclude>
    <ClInclude Include="..\src\sync.h">
      <Filter>Common\src</Filter>
    </ClInclude>
    <ClInclude Include="..\src\threadinterrupt.h">
      <Filter>Common\src</Filter>
    </ClInclude>
    <ClInclude Include="..\src\threadsafety.h">
      <Filter>Common\src</Filter>
    </ClInclude>
    <ClInclude Include="..\src\timedata.h">
      <Filter>Common\src</Filter>
    </ClInclude>
    <ClInclude Include="..\src\tinyformat.h">
      <Filter>Common\src</Filter>
    </ClInclude>
    <ClInclude Include="..\src\torcontrol.h">
      <Filter>Common\src</Filter>
    </ClInclude>
    <ClInclude Include="..\src\txdb.h">
      <Filter>Common\src</Filter>
    </ClInclude>
    <ClInclude Include="..\src\txmempool.h">
      <Filter>Common\src</Filter>
    </ClInclude>
    <ClInclude Include="..\src\uint256.h">
      <Filter>Common\src</Filter>
    </ClInclude>
    <ClInclude Include="..\src\ui_interface.h">
      <Filter>Common\src</Filter>
    </ClInclude>
    <ClInclude Include="..\src\undo.h">
      <Filter>Common\src</Filter>
    </ClInclude>
    <ClInclude Include="..\src\util.h">
      <Filter>Common\src</Filter>
    </ClInclude>
    <ClInclude Include="..\src\utilmoneystr.h">
      <Filter>Common\src</Filter>
    </ClInclude>
    <ClInclude Include="..\src\utilstrencodings.h">
      <Filter>Common\src</Filter>
    </ClInclude>
    <ClInclude Include="..\src\utiltime.h">
      <Filter>Common\src</Filter>
    </ClInclude>
    <ClInclude Include="..\src\validation.h">
      <Filter>Common\src</Filter>
    </ClInclude>
    <ClInclude Include="..\src\validationinterface.h">
      <Filter>Common\src</Filter>
    </ClInclude>
    <ClInclude Include="..\src\version.h">
      <Filter>Common\src</Filter>
    </ClInclude>
    <ClInclude Include="..\src\versionbits.h">
      <Filter>Common\src</Filter>
    </ClInclude>
    <ClInclude Include="..\src\vote.h">
      <Filter>Common\src</Filter>
    </ClInclude>
    <ClInclude Include="..\src\warnings.h">
      <Filter>Common\src</Filter>
    </ClInclude>
    <ClInclude Include="..\src\_blockhash.h">
      <Filter>Common\src</Filter>
    </ClInclude>
    <ClInclude Include="..\src\qt\res\resource.h">
      <Filter>Common\qt</Filter>
    </ClInclude>
    <ClInclude Include="..\src\qt\paymentrequestplus.h">
      <Filter>Common\qt</Filter>
    </ClInclude>
    <ClInclude Include="..\src\wallet\crypter.h">
      <Filter>Common\wallet</Filter>
    </ClInclude>
    <ClInclude Include="..\src\wallet\rpcwallet.h">
      <Filter>Common\wallet</Filter>
    </ClInclude>
    <ClInclude Include="..\src\crypto\aes.h">
      <Filter>Common\crypto</Filter>
    </ClInclude>
  </ItemGroup>
  <ItemGroup>
    <None Include="..\src\qt\locale\bitcoin_af.ts">
      <Filter>locale</Filter>
    </None>
    <None Include="..\src\qt\locale\bitcoin_af_ZA.ts">
      <Filter>locale</Filter>
    </None>
    <None Include="..\src\qt\locale\bitcoin_ar.ts">
      <Filter>locale</Filter>
    </None>
    <None Include="..\src\qt\locale\bitcoin_be_BY.ts">
      <Filter>locale</Filter>
    </None>
    <None Include="..\src\qt\locale\bitcoin_bg.ts">
      <Filter>locale</Filter>
    </None>
    <None Include="..\src\qt\locale\bitcoin_bg_BG.ts">
      <Filter>locale</Filter>
    </None>
    <None Include="..\src\qt\locale\bitcoin_ca%40valencia.ts">
      <Filter>locale</Filter>
    </None>
    <None Include="..\src\qt\locale\bitcoin_ca.ts">
      <Filter>locale</Filter>
    </None>
    <None Include="..\src\qt\locale\bitcoin_ca_ES.ts">
      <Filter>locale</Filter>
    </None>
    <None Include="..\src\qt\locale\bitcoin_cs.ts">
      <Filter>locale</Filter>
    </None>
    <None Include="..\src\qt\locale\bitcoin_cy.ts">
      <Filter>locale</Filter>
    </None>
    <None Include="..\src\qt\locale\bitcoin_da.ts">
      <Filter>locale</Filter>
    </None>
    <None Include="..\src\qt\locale\bitcoin_de.ts">
      <Filter>locale</Filter>
    </None>
    <None Include="..\src\qt\locale\bitcoin_el.ts">
      <Filter>locale</Filter>
    </None>
    <None Include="..\src\qt\locale\bitcoin_el_GR.ts">
      <Filter>locale</Filter>
    </None>
    <None Include="..\src\qt\locale\bitcoin_en.ts">
      <Filter>locale</Filter>
    </None>
    <None Include="..\src\qt\locale\bitcoin_en_GB.ts">
      <Filter>locale</Filter>
    </None>
    <None Include="..\src\qt\locale\bitcoin_eo.ts">
      <Filter>locale</Filter>
    </None>
    <None Include="..\src\qt\locale\bitcoin_es.ts">
      <Filter>locale</Filter>
    </None>
    <None Include="..\src\qt\locale\bitcoin_es_AR.ts">
      <Filter>locale</Filter>
    </None>
    <None Include="..\src\qt\locale\bitcoin_es_CL.ts">
      <Filter>locale</Filter>
    </None>
    <None Include="..\src\qt\locale\bitcoin_es_CO.ts">
      <Filter>locale</Filter>
    </None>
    <None Include="..\src\qt\locale\bitcoin_es_DO.ts">
      <Filter>locale</Filter>
    </None>
    <None Include="..\src\qt\locale\bitcoin_es_ES.ts">
      <Filter>locale</Filter>
    </None>
    <None Include="..\src\qt\locale\bitcoin_es_MX.ts">
      <Filter>locale</Filter>
    </None>
    <None Include="..\src\qt\locale\bitcoin_es_UY.ts">
      <Filter>locale</Filter>
    </None>
    <None Include="..\src\qt\locale\bitcoin_es_VE.ts">
      <Filter>locale</Filter>
    </None>
    <None Include="..\src\qt\locale\bitcoin_et.ts">
      <Filter>locale</Filter>
    </None>
    <None Include="..\src\qt\locale\bitcoin_et_EE.ts">
      <Filter>locale</Filter>
    </None>
    <None Include="..\src\qt\locale\bitcoin_eu_ES.ts">
      <Filter>locale</Filter>
    </None>
    <None Include="..\src\qt\locale\bitcoin_fa.ts">
      <Filter>locale</Filter>
    </None>
    <None Include="..\src\qt\locale\bitcoin_fa_IR.ts">
      <Filter>locale</Filter>
    </None>
    <None Include="..\src\qt\locale\bitcoin_fi.ts">
      <Filter>locale</Filter>
    </None>
    <None Include="..\src\qt\locale\bitcoin_fr.ts">
      <Filter>locale</Filter>
    </None>
    <None Include="..\src\qt\locale\bitcoin_fr_CA.ts">
      <Filter>locale</Filter>
    </None>
    <None Include="..\src\qt\locale\bitcoin_fr_FR.ts">
      <Filter>locale</Filter>
    </None>
    <None Include="..\src\qt\locale\bitcoin_gl.ts">
      <Filter>locale</Filter>
    </None>
    <None Include="..\src\qt\locale\bitcoin_he.ts">
      <Filter>locale</Filter>
    </None>
    <None Include="..\src\qt\locale\bitcoin_hi_IN.ts">
      <Filter>locale</Filter>
    </None>
    <None Include="..\src\qt\locale\bitcoin_hr.ts">
      <Filter>locale</Filter>
    </None>
    <None Include="..\src\qt\locale\bitcoin_hu.ts">
      <Filter>locale</Filter>
    </None>
    <None Include="..\src\qt\locale\bitcoin_id_ID.ts">
      <Filter>locale</Filter>
    </None>
    <None Include="..\src\qt\locale\bitcoin_it.ts">
      <Filter>locale</Filter>
    </None>
    <None Include="..\src\qt\locale\bitcoin_it_IT.ts">
      <Filter>locale</Filter>
    </None>
    <None Include="..\src\qt\locale\bitcoin_ja.ts">
      <Filter>locale</Filter>
    </None>
    <None Include="..\src\qt\locale\bitcoin_ka.ts">
      <Filter>locale</Filter>
    </None>
    <None Include="..\src\qt\locale\bitcoin_kk_KZ.ts">
      <Filter>locale</Filter>
    </None>
    <None Include="..\src\qt\locale\bitcoin_ko_KR.ts">
      <Filter>locale</Filter>
    </None>
    <None Include="..\src\qt\locale\bitcoin_ku_IQ.ts">
      <Filter>locale</Filter>
    </None>
    <None Include="..\src\qt\locale\bitcoin_ky.ts">
      <Filter>locale</Filter>
    </None>
    <None Include="..\src\qt\locale\bitcoin_la.ts">
      <Filter>locale</Filter>
    </None>
    <None Include="..\src\qt\locale\bitcoin_lt.ts">
      <Filter>locale</Filter>
    </None>
    <None Include="..\src\qt\locale\bitcoin_lv_LV.ts">
      <Filter>locale</Filter>
    </None>
    <None Include="..\src\qt\locale\bitcoin_mk_MK.ts">
      <Filter>locale</Filter>
    </None>
    <None Include="..\src\qt\locale\bitcoin_mn.ts">
      <Filter>locale</Filter>
    </None>
    <None Include="..\src\qt\locale\bitcoin_ms_MY.ts">
      <Filter>locale</Filter>
    </None>
    <None Include="..\src\qt\locale\bitcoin_nb.ts">
      <Filter>locale</Filter>
    </None>
    <None Include="..\src\qt\locale\bitcoin_ne.ts">
      <Filter>locale</Filter>
    </None>
    <None Include="..\src\qt\locale\bitcoin_nl.ts">
      <Filter>locale</Filter>
    </None>
    <None Include="..\src\qt\locale\bitcoin_pam.ts">
      <Filter>locale</Filter>
    </None>
    <None Include="..\src\qt\locale\bitcoin_pl.ts">
      <Filter>locale</Filter>
    </None>
    <None Include="..\src\qt\locale\bitcoin_pt_BR.ts">
      <Filter>locale</Filter>
    </None>
    <None Include="..\src\qt\locale\bitcoin_pt_PT.ts">
      <Filter>locale</Filter>
    </None>
    <None Include="..\src\qt\locale\bitcoin_ro.ts">
      <Filter>locale</Filter>
    </None>
    <None Include="..\src\qt\locale\bitcoin_ro_RO.ts">
      <Filter>locale</Filter>
    </None>
    <None Include="..\src\qt\locale\bitcoin_ru.ts">
      <Filter>locale</Filter>
    </None>
    <None Include="..\src\qt\locale\bitcoin_ru_RU.ts">
      <Filter>locale</Filter>
    </None>
    <None Include="..\src\qt\locale\bitcoin_sk.ts">
      <Filter>locale</Filter>
    </None>
    <None Include="..\src\qt\locale\bitcoin_sl_SI.ts">
      <Filter>locale</Filter>
    </None>
    <None Include="..\src\qt\locale\bitcoin_sq.ts">
      <Filter>locale</Filter>
    </None>
    <None Include="..\src\qt\locale\bitcoin_sr%40latin.ts">
      <Filter>locale</Filter>
    </None>
    <None Include="..\src\qt\locale\bitcoin_sr.ts">
      <Filter>locale</Filter>
    </None>
    <None Include="..\src\qt\locale\bitcoin_sv.ts">
      <Filter>locale</Filter>
    </None>
    <None Include="..\src\qt\locale\bitcoin_ta.ts">
      <Filter>locale</Filter>
    </None>
    <None Include="..\src\qt\locale\bitcoin_th_TH.ts">
      <Filter>locale</Filter>
    </None>
    <None Include="..\src\qt\locale\bitcoin_tr.ts">
      <Filter>locale</Filter>
    </None>
    <None Include="..\src\qt\locale\bitcoin_tr_TR.ts">
      <Filter>locale</Filter>
    </None>
    <None Include="..\src\qt\locale\bitcoin_uk.ts">
      <Filter>locale</Filter>
    </None>
    <None Include="..\src\qt\locale\bitcoin_ur_PK.ts">
      <Filter>locale</Filter>
    </None>
    <None Include="..\src\qt\locale\bitcoin_uz%40Cyrl.ts">
      <Filter>locale</Filter>
    </None>
    <None Include="..\src\qt\locale\bitcoin_vi.ts">
      <Filter>locale</Filter>
    </None>
    <None Include="..\src\qt\locale\bitcoin_vi_VN.ts">
      <Filter>locale</Filter>
    </None>
    <None Include="..\src\qt\locale\bitcoin_zh.ts">
      <Filter>locale</Filter>
    </None>
    <None Include="..\src\qt\locale\bitcoin_zh_CN.ts">
      <Filter>locale</Filter>
    </None>
    <None Include="..\src\qt\locale\bitcoin_zh_HK.ts">
      <Filter>locale</Filter>
    </None>
    <None Include="..\src\qt\locale\bitcoin_zh_TW.ts">
      <Filter>locale</Filter>
    </None>
    <None Include="..\src\qt\res\icons\bitcoin.icns">
      <Filter>res\icons</Filter>
    </None>
    <None Include="..\src\qt\res\movies\makespinner.sh">
      <Filter>res\movies</Filter>
    </None>
    <None Include="..\src\qt\res\src\bitcoin.svg">
      <Filter>res\src</Filter>
    </None>
    <None Include="..\src\qt\res\src\clock_0.svg">
      <Filter>res\src</Filter>
    </None>
    <None Include="..\src\qt\res\src\clock_1.svg">
      <Filter>res\src</Filter>
    </None>
    <None Include="..\src\qt\res\src\clock_2.svg">
      <Filter>res\src</Filter>
    </None>
    <None Include="..\src\qt\res\src\clock_3.svg">
      <Filter>res\src</Filter>
    </None>
    <None Include="..\src\qt\res\src\clock_4.svg">
      <Filter>res\src</Filter>
    </None>
    <None Include="..\src\qt\res\src\connect-0.svg">
      <Filter>res\src</Filter>
    </None>
    <None Include="..\src\qt\res\src\connect-1.svg">
      <Filter>res\src</Filter>
    </None>
    <None Include="..\src\qt\res\src\connect-2.svg">
      <Filter>res\src</Filter>
    </None>
    <None Include="..\src\qt\res\src\connect-3.svg">
      <Filter>res\src</Filter>
    </None>
    <None Include="..\src\qt\res\src\connect-4.svg">
      <Filter>res\src</Filter>
    </None>
    <None Include="..\src\qt\res\src\hd_disabled.svg">
      <Filter>res\src</Filter>
    </None>
    <None Include="..\src\qt\res\src\hd_enabled.svg">
      <Filter>res\src</Filter>
    </None>
    <None Include="..\src\qt\res\src\mine.svg">
      <Filter>res\src</Filter>
    </None>
    <None Include="..\src\qt\res\src\network_disabled.svg">
      <Filter>res\src</Filter>
    </None>
    <None Include="..\src\qt\res\src\qt.svg">
      <Filter>res\src</Filter>
    </None>
    <None Include="..\src\qt\res\src\transaction0.svg">
      <Filter>res\src</Filter>
    </None>
    <None Include="..\src\qt\res\src\tx_in.svg">
      <Filter>res\src</Filter>
    </None>
    <None Include="..\src\qt\res\src\tx_inout.svg">
      <Filter>res\src</Filter>
    </None>
    <None Include="..\src\qt\res\src\verify.svg">
      <Filter>res\src</Filter>
    </None>
    <None Include="..\src\qt\paymentrequest.proto">
      <Filter>proto</Filter>
    </None>
    <None Include="..\src\secp256k1\src\asm\field_10x26_arm.s">
      <Filter>Common\secp256k1\src\asm</Filter>
    </None>
  </ItemGroup>
  <ItemGroup>
    <ResourceCompile Include="..\src\qt\res\bitcoin-qt-res.rc">
      <Filter>res</Filter>
    </ResourceCompile>
  </ItemGroup>
  <ItemGroup>
    <Image Include="..\src\qt\res\icons\about.png">
      <Filter>res\icons</Filter>
    </Image>
    <Image Include="..\src\qt\res\icons\about_qt.png">
      <Filter>res\icons</Filter>
    </Image>
    <Image Include="..\src\qt\res\icons\add.png">
      <Filter>res\icons</Filter>
    </Image>
    <Image Include="..\src\qt\res\icons\address-book.png">
      <Filter>res\icons</Filter>
    </Image>
    <Image Include="..\src\qt\res\icons\bitcoin.ico">
      <Filter>res\icons</Filter>
    </Image>
    <Image Include="..\src\qt\res\icons\bitcoin.png">
      <Filter>res\icons</Filter>
    </Image>
    <Image Include="..\src\qt\res\icons\bitcoin_testnet.ico">
      <Filter>res\icons</Filter>
    </Image>
    <Image Include="..\src\qt\res\icons\chevron.png">
      <Filter>res\icons</Filter>
    </Image>
    <Image Include="..\src\qt\res\icons\clock1.png">
      <Filter>res\icons</Filter>
    </Image>
    <Image Include="..\src\qt\res\icons\clock2.png">
      <Filter>res\icons</Filter>
    </Image>
    <Image Include="..\src\qt\res\icons\clock3.png">
      <Filter>res\icons</Filter>
    </Image>
    <Image Include="..\src\qt\res\icons\clock4.png">
      <Filter>res\icons</Filter>
    </Image>
    <Image Include="..\src\qt\res\icons\clock5.png">
      <Filter>res\icons</Filter>
    </Image>
    <Image Include="..\src\qt\res\icons\configure.png">
      <Filter>res\icons</Filter>
    </Image>
    <Image Include="..\src\qt\res\icons\connect0.png">
      <Filter>res\icons</Filter>
    </Image>
    <Image Include="..\src\qt\res\icons\connect1.png">
      <Filter>res\icons</Filter>
    </Image>
    <Image Include="..\src\qt\res\icons\connect2.png">
      <Filter>res\icons</Filter>
    </Image>
    <Image Include="..\src\qt\res\icons\connect3.png">
      <Filter>res\icons</Filter>
    </Image>
    <Image Include="..\src\qt\res\icons\connect4.png">
      <Filter>res\icons</Filter>
    </Image>
    <Image Include="..\src\qt\res\icons\debugwindow.png">
      <Filter>res\icons</Filter>
    </Image>
    <Image Include="..\src\qt\res\icons\edit.png">
      <Filter>res\icons</Filter>
    </Image>
    <Image Include="..\src\qt\res\icons\editcopy.png">
      <Filter>res\icons</Filter>
    </Image>
    <Image Include="..\src\qt\res\icons\editpaste.png">
      <Filter>res\icons</Filter>
    </Image>
    <Image Include="..\src\qt\res\icons\export.png">
      <Filter>res\icons</Filter>
    </Image>
    <Image Include="..\src\qt\res\icons\eye.png">
      <Filter>res\icons</Filter>
    </Image>
    <Image Include="..\src\qt\res\icons\eye_minus.png">
      <Filter>res\icons</Filter>
    </Image>
    <Image Include="..\src\qt\res\icons\eye_plus.png">
      <Filter>res\icons</Filter>
    </Image>
    <Image Include="..\src\qt\res\icons\filesave.png">
      <Filter>res\icons</Filter>
    </Image>
    <Image Include="..\src\qt\res\icons\fontbigger.png">
      <Filter>res\icons</Filter>
    </Image>
    <Image Include="..\src\qt\res\icons\fontsmaller.png">
      <Filter>res\icons</Filter>
    </Image>
    <Image Include="..\src\qt\res\icons\hd_disabled.png">
      <Filter>res\icons</Filter>
    </Image>
    <Image Include="..\src\qt\res\icons\hd_enabled.png">
      <Filter>res\icons</Filter>
    </Image>
    <Image Include="..\src\qt\res\icons\history.png">
      <Filter>res\icons</Filter>
    </Image>
    <Image Include="..\src\qt\res\icons\info.png">
      <Filter>res\icons</Filter>
    </Image>
    <Image Include="..\src\qt\res\icons\key.png">
      <Filter>res\icons</Filter>
    </Image>
    <Image Include="..\src\qt\res\icons\lock_closed.png">
      <Filter>res\icons</Filter>
    </Image>
    <Image Include="..\src\qt\res\icons\lock_open.png">
      <Filter>res\icons</Filter>
    </Image>
    <Image Include="..\src\qt\res\icons\network_disabled.png">
      <Filter>res\icons</Filter>
    </Image>
    <Image Include="..\src\qt\res\icons\open.png">
      <Filter>res\icons</Filter>
    </Image>
    <Image Include="..\src\qt\res\icons\overview.png">
      <Filter>res\icons</Filter>
    </Image>
    <Image Include="..\src\qt\res\icons\quit.png">
      <Filter>res\icons</Filter>
    </Image>
    <Image Include="..\src\qt\res\icons\receive.png">
      <Filter>res\icons</Filter>
    </Image>
    <Image Include="..\src\qt\res\icons\remove.png">
      <Filter>res\icons</Filter>
    </Image>
    <Image Include="..\src\qt\res\icons\send.png">
      <Filter>res\icons</Filter>
    </Image>
    <Image Include="..\src\qt\res\icons\synced.png">
      <Filter>res\icons</Filter>
    </Image>
    <Image Include="..\src\qt\res\icons\transaction0.png">
      <Filter>res\icons</Filter>
    </Image>
    <Image Include="..\src\qt\res\icons\transaction2.png">
      <Filter>res\icons</Filter>
    </Image>
    <Image Include="..\src\qt\res\icons\transaction_abandoned.png">
      <Filter>res\icons</Filter>
    </Image>
    <Image Include="..\src\qt\res\icons\transaction_conflicted.png">
      <Filter>res\icons</Filter>
    </Image>
    <Image Include="..\src\qt\res\icons\tx_inout.png">
      <Filter>res\icons</Filter>
    </Image>
    <Image Include="..\src\qt\res\icons\tx_input.png">
      <Filter>res\icons</Filter>
    </Image>
    <Image Include="..\src\qt\res\icons\tx_mined.png">
      <Filter>res\icons</Filter>
    </Image>
    <Image Include="..\src\qt\res\icons\tx_output.png">
      <Filter>res\icons</Filter>
    </Image>
    <Image Include="..\src\qt\res\icons\verify.png">
      <Filter>res\icons</Filter>
    </Image>
    <Image Include="..\src\qt\res\icons\warning.png">
      <Filter>res\icons</Filter>
    </Image>
    <Image Include="..\src\qt\res\movies\spinner-000.png">
      <Filter>res\movies</Filter>
    </Image>
    <Image Include="..\src\qt\res\movies\spinner-001.png">
      <Filter>res\movies</Filter>
    </Image>
    <Image Include="..\src\qt\res\movies\spinner-002.png">
      <Filter>res\movies</Filter>
    </Image>
    <Image Include="..\src\qt\res\movies\spinner-003.png">
      <Filter>res\movies</Filter>
    </Image>
    <Image Include="..\src\qt\res\movies\spinner-004.png">
      <Filter>res\movies</Filter>
    </Image>
    <Image Include="..\src\qt\res\movies\spinner-005.png">
      <Filter>res\movies</Filter>
    </Image>
    <Image Include="..\src\qt\res\movies\spinner-006.png">
      <Filter>res\movies</Filter>
    </Image>
    <Image Include="..\src\qt\res\movies\spinner-007.png">
      <Filter>res\movies</Filter>
    </Image>
    <Image Include="..\src\qt\res\movies\spinner-008.png">
      <Filter>res\movies</Filter>
    </Image>
    <Image Include="..\src\qt\res\movies\spinner-009.png">
      <Filter>res\movies</Filter>
    </Image>
    <Image Include="..\src\qt\res\movies\spinner-010.png">
      <Filter>res\movies</Filter>
    </Image>
    <Image Include="..\src\qt\res\movies\spinner-011.png">
      <Filter>res\movies</Filter>
    </Image>
    <Image Include="..\src\qt\res\movies\spinner-012.png">
      <Filter>res\movies</Filter>
    </Image>
    <Image Include="..\src\qt\res\movies\spinner-013.png">
      <Filter>res\movies</Filter>
    </Image>
    <Image Include="..\src\qt\res\movies\spinner-014.png">
      <Filter>res\movies</Filter>
    </Image>
    <Image Include="..\src\qt\res\movies\spinner-015.png">
      <Filter>res\movies</Filter>
    </Image>
    <Image Include="..\src\qt\res\movies\spinner-016.png">
      <Filter>res\movies</Filter>
    </Image>
    <Image Include="..\src\qt\res\movies\spinner-017.png">
      <Filter>res\movies</Filter>
    </Image>
    <Image Include="..\src\qt\res\movies\spinner-018.png">
      <Filter>res\movies</Filter>
    </Image>
    <Image Include="..\src\qt\res\movies\spinner-019.png">
      <Filter>res\movies</Filter>
    </Image>
    <Image Include="..\src\qt\res\movies\spinner-020.png">
      <Filter>res\movies</Filter>
    </Image>
    <Image Include="..\src\qt\res\movies\spinner-021.png">
      <Filter>res\movies</Filter>
    </Image>
    <Image Include="..\src\qt\res\movies\spinner-022.png">
      <Filter>res\movies</Filter>
    </Image>
    <Image Include="..\src\qt\res\movies\spinner-023.png">
      <Filter>res\movies</Filter>
    </Image>
    <Image Include="..\src\qt\res\movies\spinner-024.png">
      <Filter>res\movies</Filter>
    </Image>
    <Image Include="..\src\qt\res\movies\spinner-025.png">
      <Filter>res\movies</Filter>
    </Image>
    <Image Include="..\src\qt\res\movies\spinner-026.png">
      <Filter>res\movies</Filter>
    </Image>
    <Image Include="..\src\qt\res\movies\spinner-027.png">
      <Filter>res\movies</Filter>
    </Image>
    <Image Include="..\src\qt\res\movies\spinner-028.png">
      <Filter>res\movies</Filter>
    </Image>
    <Image Include="..\src\qt\res\movies\spinner-029.png">
      <Filter>res\movies</Filter>
    </Image>
    <Image Include="..\src\qt\res\movies\spinner-030.png">
      <Filter>res\movies</Filter>
    </Image>
    <Image Include="..\src\qt\res\movies\spinner-031.png">
      <Filter>res\movies</Filter>
    </Image>
    <Image Include="..\src\qt\res\movies\spinner-032.png">
      <Filter>res\movies</Filter>
    </Image>
    <Image Include="..\src\qt\res\movies\spinner-033.png">
      <Filter>res\movies</Filter>
    </Image>
    <Image Include="..\src\qt\res\movies\spinner-034.png">
      <Filter>res\movies</Filter>
    </Image>
    <Image Include="..\src\qt\res\movies\spinner-035.png">
      <Filter>res\movies</Filter>
    </Image>
    <Image Include="..\src\qt\res\src\spinner.png">
      <Filter>res\src</Filter>
    </Image>
  </ItemGroup>
  <ItemGroup>
    <CustomBuild Include="..\src\qt\guiconstants.h">
      <Filter>Common\qt</Filter>
    </CustomBuild>
    <CustomBuild Include="..\src\qt\macdockiconhandler.h">
      <Filter>Common\qt</Filter>
    </CustomBuild>
    <CustomBuild Include="..\src\qt\macnotificationhandler.h">
      <Filter>Common\qt</Filter>
    </CustomBuild>
    <CustomBuild Include="..\src\qt\bitcoinstrings.cpp">
      <Filter>Common\qt</Filter>
    </CustomBuild>
  </ItemGroup>
  <ItemGroup>
    <QtMoc Include="..\src\qt\bitcoin.cpp">
      <Filter>Source Files</Filter>
    </QtMoc>
    <QtMoc Include="..\src\qt\addressbookpage.h">
      <Filter>Common\qt</Filter>
    </QtMoc>
    <QtMoc Include="..\src\qt\addresstablemodel.h">
      <Filter>Common\qt</Filter>
    </QtMoc>
    <QtMoc Include="..\src\qt\askpassphrasedialog.h">
      <Filter>Common\qt</Filter>
    </QtMoc>
    <QtMoc Include="..\src\qt\bantablemodel.h">
      <Filter>Common\qt</Filter>
    </QtMoc>
    <QtMoc Include="..\src\qt\bitcoinaddressvalidator.h">
      <Filter>Common\qt</Filter>
    </QtMoc>
    <QtMoc Include="..\src\qt\bitcoinamountfield.h">
      <Filter>Common\qt</Filter>
    </QtMoc>
    <QtMoc Include="..\src\qt\bitcoingui.h">
      <Filter>Common\qt</Filter>
    </QtMoc>
    <QtMoc Include="..\src\qt\bitcoinunits.h">
      <Filter>Common\qt</Filter>
    </QtMoc>
    <QtMoc Include="..\src\qt\clientmodel.h">
      <Filter>Common\qt</Filter>
    </QtMoc>
    <QtMoc Include="..\src\qt\coincontroldialog.h">
      <Filter>Common\qt</Filter>
    </QtMoc>
    <QtMoc Include="..\src\qt\coincontroltreewidget.h">
      <Filter>Common\qt</Filter>
    </QtMoc>
    <QtMoc Include="..\src\qt\csvmodelwriter.h">
      <Filter>Common\qt</Filter>
    </QtMoc>
    <QtMoc Include="..\src\qt\editaddressdialog.h">
      <Filter>Common\qt</Filter>
    </QtMoc>
    <QtMoc Include="..\src\qt\guiutil.h">
      <Filter>Common\qt</Filter>
    </QtMoc>
    <QtMoc Include="..\src\qt\intro.h">
      <Filter>Common\qt</Filter>
    </QtMoc>
    <QtMoc Include="..\src\qt\modaloverlay.h">
      <Filter>Common\qt</Filter>
    </QtMoc>
    <QtMoc Include="..\src\qt\networkstyle.h">
      <Filter>Common\qt</Filter>
    </QtMoc>
    <QtMoc Include="..\src\qt\notificator.h">
      <Filter>Common\qt</Filter>
    </QtMoc>
    <QtMoc Include="..\src\qt\openuridialog.h">
      <Filter>Common\qt</Filter>
    </QtMoc>
    <QtMoc Include="..\src\qt\optionsdialog.h">
      <Filter>Common\qt</Filter>
    </QtMoc>
    <QtMoc Include="..\src\qt\optionsmodel.h">
      <Filter>Common\qt</Filter>
    </QtMoc>
    <QtMoc Include="..\src\qt\overviewpage.h">
      <Filter>Common\qt</Filter>
    </QtMoc>
    <QtMoc Include="..\src\qt\paymentserver.h">
      <Filter>Common\qt</Filter>
    </QtMoc>
    <QtMoc Include="..\src\qt\peertablemodel.h">
      <Filter>Common\qt</Filter>
    </QtMoc>
    <QtMoc Include="..\src\qt\platformstyle.h">
      <Filter>Common\qt</Filter>
    </QtMoc>
    <QtMoc Include="..\src\qt\qvalidatedlineedit.h">
      <Filter>Common\qt</Filter>
    </QtMoc>
    <QtMoc Include="..\src\qt\qvaluecombobox.h">
      <Filter>Common\qt</Filter>
    </QtMoc>
    <QtMoc Include="..\src\qt\receivecoinsdialog.h">
      <Filter>Common\qt</Filter>
    </QtMoc>
    <QtMoc Include="..\src\qt\receiverequestdialog.h">
      <Filter>Common\qt</Filter>
    </QtMoc>
    <QtMoc Include="..\src\qt\recentrequeststablemodel.h">
      <Filter>Common\qt</Filter>
    </QtMoc>
    <QtMoc Include="..\src\qt\rpcconsole.h">
      <Filter>Common\qt</Filter>
    </QtMoc>
    <QtMoc Include="..\src\qt\sendcoinsdialog.h">
      <Filter>Common\qt</Filter>
    </QtMoc>
    <QtMoc Include="..\src\qt\sendcoinsentry.h">
      <Filter>Common\qt</Filter>
    </QtMoc>
    <QtMoc Include="..\src\qt\signverifymessagedialog.h">
      <Filter>Common\qt</Filter>
    </QtMoc>
    <QtMoc Include="..\src\qt\splashscreen.h">
      <Filter>Common\qt</Filter>
    </QtMoc>
    <QtMoc Include="..\src\qt\trafficgraphwidget.h">
      <Filter>Common\qt</Filter>
    </QtMoc>
    <QtMoc Include="..\src\qt\transactiondesc.h">
      <Filter>Common\qt</Filter>
    </QtMoc>
    <QtMoc Include="..\src\qt\transactiondescdialog.h">
      <Filter>Common\qt</Filter>
    </QtMoc>
    <QtMoc Include="..\src\qt\transactionfilterproxy.h">
      <Filter>Common\qt</Filter>
    </QtMoc>
    <QtMoc Include="..\src\qt\transactionrecord.h">
      <Filter>Common\qt</Filter>
    </QtMoc>
    <QtMoc Include="..\src\qt\transactiontablemodel.h">
      <Filter>Common\qt</Filter>
    </QtMoc>
    <QtMoc Include="..\src\qt\transactionview.h">
      <Filter>Common\qt</Filter>
    </QtMoc>
    <QtMoc Include="..\src\qt\utilitydialog.h">
      <Filter>Common\qt</Filter>
    </QtMoc>
    <QtMoc Include="..\src\qt\walletframe.h">
      <Filter>Common\qt</Filter>
    </QtMoc>
    <QtMoc Include="..\src\qt\walletmodel.h">
      <Filter>Common\qt</Filter>
    </QtMoc>
    <QtMoc Include="..\src\qt\walletmodeltransaction.h">
      <Filter>Common\qt</Filter>
    </QtMoc>
    <QtMoc Include="..\src\qt\walletview.h">
      <Filter>Common\qt</Filter>
    </QtMoc>
    <QtMoc Include="..\src\qt\winshutdownmonitor.h">
      <Filter>Common\qt</Filter>
    </QtMoc>
    <QtMoc Include="..\src\qt\bitcoinamountfield.cpp">
      <Filter>Common\qt</Filter>
    </QtMoc>
    <QtMoc Include="..\src\qt\intro.cpp">
      <Filter>Common\qt</Filter>
    </QtMoc>
    <QtMoc Include="..\src\qt\overviewpage.cpp">
      <Filter>Common\qt</Filter>
    </QtMoc>
    <QtMoc Include="..\src\qt\rpcconsole.cpp">
      <Filter>Common\qt</Filter>
    </QtMoc>
  </ItemGroup>
</Project>